# This file is automatically @generated by Cargo.
# It is not intended for manual editing.
[[package]]
name = "bitfield"
version = "0.13.2"
source = "registry+https://github.com/rust-lang/crates.io-index"
checksum = "46afbd2983a5d5a7bd740ccb198caf5b82f45c40c09c0eed36052d91cb92e719"

[[package]]
name = "cfg-if"
version = "0.1.10"
source = "registry+https://github.com/rust-lang/crates.io-index"
checksum = "4785bdd1c96b2a846b2bd7cc02e86b6b3dbf14e7e53446c4f54c92a361040822"

[[package]]
name = "goose"
version = "0.1.0"
dependencies = [
 "bitfield",
 "cfg-if",
 "qemu-exit",
]

[[package]]
name = "qemu-exit"
version = "1.0.0"
source = "registry+https://github.com/rust-lang/crates.io-index"
checksum = "b73ae13954572c7ca0ec48ba9fe6a59c0392066eba62f8cb384ffd5addf538c5"
