# This file is automatically @generated by Cargo.
# It is not intended for manual editing.
[[package]]
name = "bootloader"
version = "0.9.8"
source = "registry+https://github.com/rust-lang/crates.io-index"
checksum = "0ad686b9b47363de7d36c05fb6885f17d08d0f2d15b1bc782a101fe3c94a2c7c"

[[package]]
name = "cfg-if"
version = "0.1.10"
source = "registry+https://github.com/rust-lang/crates.io-index"
checksum = "4785bdd1c96b2a846b2bd7cc02e86b6b3dbf14e7e53446c4f54c92a361040822"

[[package]]
name = "goose"
version = "0.1.0"
dependencies = [
 "bootloader",
 "cfg-if",
 "rlibc",
]

[[package]]
name = "rlibc"
version = "1.0.0"
source = "registry+https://github.com/rust-lang/crates.io-index"
checksum = "fc874b127765f014d792f16763a81245ab80500e2ad921ed4ee9e82481ee08fe"
