# This file is automatically @generated by Cargo.
# It is not intended for manual editing.
[[package]]
name = "bootloader"
version = "0.9.10"
source = "registry+https://github.com/rust-lang/crates.io-index"
checksum = "8c5c959bf675ba4d842740373760b2aeb5b8f5457451cd18370b4c339d4926e9"

[[package]]
name = "cfg-if"
version = "0.1.10"
source = "registry+https://github.com/rust-lang/crates.io-index"
checksum = "4785bdd1c96b2a846b2bd7cc02e86b6b3dbf14e7e53446c4f54c92a361040822"

[[package]]
name = "goose"
version = "0.1.0"
dependencies = [
 "bootloader",
 "cfg-if",
 "qemu-exit",
 "rlibc",
]

[[package]]
name = "qemu-exit"
version = "1.0.0"
source = "registry+https://github.com/rust-lang/crates.io-index"
checksum = "b73ae13954572c7ca0ec48ba9fe6a59c0392066eba62f8cb384ffd5addf538c5"

[[package]]
name = "rlibc"
version = "1.0.0"
source = "registry+https://github.com/rust-lang/crates.io-index"
checksum = "fc874b127765f014d792f16763a81245ab80500e2ad921ed4ee9e82481ee08fe"
